
Microsoft Visual Studio Solution File, Format Version 12.00
# Visual Studio 15
VisualStudioVersion = 15.0.27703.2047
MinimumVisualStudioVersion = 10.0.40219.1
Project("{FAE04EC0-301F-11D3-BF4B-00C04F79EFBC}") = "Smelter", "Smelter\Smelter.csproj", "{AE4D6DC9-947E-4F13-9162-8ED28EDACFC8}"
EndProject
Global
	GlobalSection(SolutionConfigurationPlatforms) = preSolution
		Debug|Any CPU = Debug|Any CPU
		Release|Any CPU = Release|Any CPU
	EndGlobalSection
	GlobalSection(ProjectConfigurationPlatforms) = postSolution
		{AE4D6DC9-947E-4F13-9162-8ED28EDACFC8}.Debug|Any CPU.ActiveCfg = Debug|Any CPU
		{AE4D6DC9-947E-4F13-9162-8ED28EDACFC8}.Debug|Any CPU.Build.0 = Debug|Any CPU
		{AE4D6DC9-947E-4F13-9162-8ED28EDACFC8}.Release|Any CPU.ActiveCfg = Release|Any CPU
		{AE4D6DC9-947E-4F13-9162-8ED28EDACFC8}.Release|Any CPU.Build.0 = Release|Any CPU
	EndGlobalSection
	GlobalSection(SolutionProperties) = preSolution
		HideSolutionNode = FALSE
	EndGlobalSection
	GlobalSection(ExtensibilityGlobals) = postSolution
		SolutionGuid = {D506AE37-80A2-49A5-B35E-499FAC2834D6}
	EndGlobalSection
EndGlobal
